PODS:
  - AFNetworking (3.2.0):
    - AFNetworking/NSURLSession (= 3.2.0)
    - AFNetworking/Reachability (= 3.2.0)
    - AFNetworking/Security (= 3.2.0)
    - AFNetworking/Serialization (= 3.2.0)
    - AFNetworking/UIKit (= 3.2.0)
  - AFNetworking/NSURLSession (3.2.0):
    - AFNetworking/Reachability
    - AFNetworking/Security
    - AFNetworking/Serialization
  - AFNetworking/Reachability (3.2.0)
  - AFNetworking/Security (3.2.0)
  - AFNetworking/Serialization (3.2.0)
  - AFNetworking/UIKit (3.2.0):
    - AFNetworking/NSURLSession
  - DKNetworking (1.4.2):
    - AFNetworking
    - MJExtension
    - YYCache
  - IQKeyboardManager (6.0.2)
  - MJExtension (3.0.13)
  - MJRefresh (3.1.15.3)
  - SDWebImage (4.3.3):
    - SDWebImage/Core (= 4.3.3)
  - SDWebImage/Core (4.3.3)
  - "UITableView+FDTemplateLayoutCell (1.6)"
  - WebViewJavascriptBridge (6.0.3)
  - YYCache (1.0.4)

DEPENDENCIES:
  - DKNetworking
  - IQKeyboardManager
  - MJExtension
  - MJRefresh (~> 3.1.15.1)
  - SDWebImage
  - "UITableView+FDTemplateLayoutCell"
  - WebViewJavascriptBridge

SPEC REPOS:
  https://github.com/CocoaPods/Specs.git:
    - AFNetworking
    - DKNetworking
    - IQKeyboardManager
    - MJExtension
    - MJRefresh
    - SDWebImage
    - "UITableView+FDTemplateLayoutCell"
    - WebViewJavascriptBridge
    - YYCache

SPEC CHECKSUMS:
  AFNetworking: 8ac6017b94ea105479f7776e5288e48ae9c59bb4
  DKNetworking: a210fd545cda539b3c7f944fc84ba73c7c805ef8
  IQKeyboardManager: c49d59e358aeeffaa0280aa305093c2b194d2607
  MJExtension: 5932755f451458eefa24239358817f8d291240c7
  MJRefresh: b48380ae2b927b46c4ef000de9adb8dc748e1df7
  SDWebImage: de4d90b5bff3571eae7bd16202b1f43135409fa5
  "UITableView+FDTemplateLayoutCell": 5c949b4a5059c404b442926c0e80f81d10a2d66f
  WebViewJavascriptBridge: 7f5bc4d3581e672e8f32bd0f812d54bc69bb8e29
  YYCache: 8105b6638f5e849296c71f331ff83891a4942952

PODFILE CHECKSUM: 83bf05514936e57032b3b5edd551e72ed83567fd

COCOAPODS: 1.5.0
